
Microsoft Visual Studio Solution File, Format Version 12.00
# Visual Studio Version 17
VisualStudioVersion = 17.9.34622.214
MinimumVisualStudioVersion = 10.0.40219.1
Project("{FAE04EC0-301F-11D3-BF4B-00C04F79EFBC}") = "GUI", "GUI\GUI.csproj", "{E306C9C5-F4A8-4680-96A8-D5DBE2389D6C}"
EndProject
Project("{FAE04EC0-301F-11D3-BF4B-00C04F79EFBC}") = "BLL", "BLL\BLL.csproj", "{B2933E4B-A154-49B2-8E86-4BE7E5B3165E}"
EndProject
Project("{FAE04EC0-301F-11D3-BF4B-00C04F79EFBC}") = "DAL", "DAL\DAL.csproj", "{4BBB4A1F-734F-4539-9332-D70B3C35BCF9}"
EndProject
Project("{FAE04EC0-301F-11D3-BF4B-00C04F79EFBC}") = "DTO", "DTO\DTO.csproj", "{A9629F37-6DED-4889-ACD1-DB692E41A563}"
EndProject
Global
	GlobalSection(SolutionConfigurationPlatforms) = preSolution
		Debug|Any CPU = Debug|Any CPU
		Release|Any CPU = Release|Any CPU
	EndGlobalSection
	GlobalSection(ProjectConfigurationPlatforms) = postSolution
		{E306C9C5-F4A8-4680-96A8-D5DBE2389D6C}.Debug|Any CPU.ActiveCfg = Debug|Any CPU
		{E306C9C5-F4A8-4680-96A8-D5DBE2389D6C}.Debug|Any CPU.Build.0 = Debug|Any CPU
		{E306C9C5-F4A8-4680-96A8-D5DBE2389D6C}.Release|Any CPU.ActiveCfg = Release|Any CPU
		{E306C9C5-F4A8-4680-96A8-D5DBE2389D6C}.Release|Any CPU.Build.0 = Release|Any CPU
		{B2933E4B-A154-49B2-8E86-4BE7E5B3165E}.Debug|Any CPU.ActiveCfg = Debug|Any CPU
		{B2933E4B-A154-49B2-8E86-4BE7E5B3165E}.Debug|Any CPU.Build.0 = Debug|Any CPU
		{B2933E4B-A154-49B2-8E86-4BE7E5B3165E}.Release|Any CPU.ActiveCfg = Release|Any CPU
		{B2933E4B-A154-49B2-8E86-4BE7E5B3165E}.Release|Any CPU.Build.0 = Release|Any CPU
		{4BBB4A1F-734F-4539-9332-D70B3C35BCF9}.Debug|Any CPU.ActiveCfg = Debug|Any CPU
		{4BBB4A1F-734F-4539-9332-D70B3C35BCF9}.Debug|Any CPU.Build.0 = Debug|Any CPU
		{4BBB4A1F-734F-4539-9332-D70B3C35BCF9}.Release|Any CPU.ActiveCfg = Release|Any CPU
		{4BBB4A1F-734F-4539-9332-D70B3C35BCF9}.Release|Any CPU.Build.0 = Release|Any CPU
		{A9629F37-6DED-4889-ACD1-DB692E41A563}.Debug|Any CPU.ActiveCfg = Debug|Any CPU
		{A9629F37-6DED-4889-ACD1-DB692E41A563}.Debug|Any CPU.Build.0 = Debug|Any CPU
		{A9629F37-6DED-4889-ACD1-DB692E41A563}.Release|Any CPU.ActiveCfg = Release|Any CPU
		{A9629F37-6DED-4889-ACD1-DB692E41A563}.Release|Any CPU.Build.0 = Release|Any CPU
	EndGlobalSection
	GlobalSection(SolutionProperties) = preSolution
		HideSolutionNode = FALSE
	EndGlobalSection
	GlobalSection(ExtensibilityGlobals) = postSolution
		SolutionGuid = {B5A53EAD-EC50-4E3F-89EC-60649AEDD5F6}
	EndGlobalSection
EndGlobal
